// !$*UTF8*$!
{
	archiveVersion = 1;
	classes = {
	};
	objectVersion = 48;
	objects = {

/* Begin PBXBuildFile section */
		3921997C1F691DFB006C1344 /* AppDelegate.swift in Sources */ = {isa = PBXBuildFile; fileRef = 3921997B1F691DFB006C1344 /* AppDelegate.swift */; };
		392199831F691DFB006C1344 /* Assets.xcassets in Resources */ = {isa = PBXBuildFile; fileRef = 392199821F691DFB006C1344 /* Assets.xcassets */; };
		392199861F691DFB006C1344 /* LaunchScreen.storyboard in Resources */ = {isa = PBXBuildFile; fileRef = 392199841F691DFB006C1344 /* LaunchScreen.storyboard */; };
		392199911F691DFB006C1344 /* MoviesTestTests.swift in Sources */ = {isa = PBXBuildFile; fileRef = 392199901F691DFB006C1344 /* MoviesTestTests.swift */; };
		3921999C1F691E6B006C1344 /* Navigator.swift in Sources */ = {isa = PBXBuildFile; fileRef = 3921999B1F691E6B006C1344 /* Navigator.swift */; };
		392199A01F691F21006C1344 /* MovieListController.swift in Sources */ = {isa = PBXBuildFile; fileRef = 3921999F1F691F21006C1344 /* MovieListController.swift */; };
		392199A31F691FCB006C1344 /* UIView.swift in Sources */ = {isa = PBXBuildFile; fileRef = 392199A21F691FCB006C1344 /* UIView.swift */; };
		392199A51F691FD3006C1344 /* UIColor.swift in Sources */ = {isa = PBXBuildFile; fileRef = 392199A41F691FD3006C1344 /* UIColor.swift */; };
		392199A71F69202C006C1344 /* MovieListControllerTableDataSource.swift in Sources */ = {isa = PBXBuildFile; fileRef = 392199A61F69202C006C1344 /* MovieListControllerTableDataSource.swift */; };
		392199AA1F6920B8006C1344 /* MovieListControllerTableHeaderView.swift in Sources */ = {isa = PBXBuildFile; fileRef = 392199A91F6920B8006C1344 /* MovieListControllerTableHeaderView.swift */; };
		392199AC1F6921B4006C1344 /* MovieListControllerTableContainerCell.swift in Sources */ = {isa = PBXBuildFile; fileRef = 392199AB1F6921B4006C1344 /* MovieListControllerTableContainerCell.swift */; };
		392199AE1F6923A9006C1344 /* MovieListControllerTableContainerCellCollectionDataSource.swift in Sources */ = {isa = PBXBuildFile; fileRef = 392199AD1F6923A9006C1344 /* MovieListControllerTableContainerCellCollectionDataSource.swift */; };
		392199B01F692416006C1344 /* MovieListControllerTableContainerCellCollectionMovieCell.swift in Sources */ = {isa = PBXBuildFile; fileRef = 392199AF1F692416006C1344 /* MovieListControllerTableContainerCellCollectionMovieCell.swift */; };
		392199B31F693388006C1344 /* NetworkClient.swift in Sources */ = {isa = PBXBuildFile; fileRef = 392199B21F693387006C1344 /* NetworkClient.swift */; };
		39C926441F694C29008840B5 /* NewMoviesService.swift in Sources */ = {isa = PBXBuildFile; fileRef = 39C926431F694C29008840B5 /* NewMoviesService.swift */; };
		39C926481F694D66008840B5 /* BasicNetworkService.swift in Sources */ = {isa = PBXBuildFile; fileRef = 39C926471F694D66008840B5 /* BasicNetworkService.swift */; };
		39C9264B1F694DC0008840B5 /* Credentials.swift in Sources */ = {isa = PBXBuildFile; fileRef = 39C9264A1F694DC0008840B5 /* Credentials.swift */; };
		39C9264E1F69585E008840B5 /* Dynamic.swift in Sources */ = {isa = PBXBuildFile; fileRef = 39C9264D1F69585E008840B5 /* Dynamic.swift */; };
		39C926511F6972F0008840B5 /* MovieListControllerTableContainerCellCollectionMovieCellViewModel.swift in Sources */ = {isa = PBXBuildFile; fileRef = 39C926501F6972F0008840B5 /* MovieListControllerTableContainerCellCollectionMovieCellViewModel.swift */; };
		39C926541F697A52008840B5 /* Movie.swift in Sources */ = {isa = PBXBuildFile; fileRef = 39C926531F697A52008840B5 /* Movie.swift */; };
		39C926561F697AAC008840B5 /* BasicDiscoverMoviesService.swift in Sources */ = {isa = PBXBuildFile; fileRef = 39C926551F697AAC008840B5 /* BasicDiscoverMoviesService.swift */; };
		39C926581F6980EC008840B5 /* PopularMoviesService.swift in Sources */ = {isa = PBXBuildFile; fileRef = 39C926571F6980EC008840B5 /* PopularMoviesService.swift */; };
		39C9265A1F6981DF008840B5 /* HighestRatedMoviesService.swift in Sources */ = {isa = PBXBuildFile; fileRef = 39C926591F6981DF008840B5 /* HighestRatedMoviesService.swift */; };
		39E9ED721F69AAC500348014 /* Date.swift in Sources */ = {isa = PBXBuildFile; fileRef = 39E9ED711F69AAC500348014 /* Date.swift */; };
/* End PBXBuildFile section */

/* Begin PBXContainerItemProxy section */
		3921998D1F691DFB006C1344 /* PBXContainerItemProxy */ = {
			isa = PBXContainerItemProxy;
			containerPortal = 392199701F691DFB006C1344 /* Project object */;
			proxyType = 1;
			remoteGlobalIDString = 392199771F691DFB006C1344;
			remoteInfo = MoviesTest;
		};
/* End PBXContainerItemProxy section */

/* Begin PBXFileReference section */
		392199781F691DFB006C1344 /* MoviesTest.app */ = {isa = PBXFileReference; explicitFileType = wrapper.application; includeInIndex = 0; path = MoviesTest.app; sourceTree = BUILT_PRODUCTS_DIR; };
		3921997B1F691DFB006C1344 /* AppDelegate.swift */ = {isa = PBXFileReference; lastKnownFileType = sourcecode.swift; path = AppDelegate.swift; sourceTree = "<group>"; };
		392199821F691DFB006C1344 /* Assets.xcassets */ = {isa = PBXFileReference; lastKnownFileType = folder.assetcatalog; path = Assets.xcassets; sourceTree = "<group>"; };
		392199851F691DFB006C1344 /* Base */ = {isa = PBXFileReference; lastKnownFileType = file.storyboard; name = Base; path = Base.lproj/LaunchScreen.storyboard; sourceTree = "<group>"; };
		392199871F691DFB006C1344 /* Info.plist */ = {isa = PBXFileReference; lastKnownFileType = text.plist.xml; path = Info.plist; sourceTree = "<group>"; };
		3921998C1F691DFB006C1344 /* MoviesTestTests.xctest */ = {isa = PBXFileReference; explicitFileType = wrapper.cfbundle; includeInIndex = 0; path = MoviesTestTests.xctest; sourceTree = BUILT_PRODUCTS_DIR; };
		392199901F691DFB006C1344 /* MoviesTestTests.swift */ = {isa = PBXFileReference; lastKnownFileType = sourcecode.swift; path = MoviesTestTests.swift; sourceTree = "<group>"; };
		392199921F691DFB006C1344 /* Info.plist */ = {isa = PBXFileReference; lastKnownFileType = text.plist.xml; path = Info.plist; sourceTree = "<group>"; };
		3921999B1F691E6B006C1344 /* Navigator.swift */ = {isa = PBXFileReference; lastKnownFileType = sourcecode.swift; path = Navigator.swift; sourceTree = "<group>"; };
		3921999F1F691F21006C1344 /* MovieListController.swift */ = {isa = PBXFileReference; lastKnownFileType = sourcecode.swift; path = MovieListController.swift; sourceTree = "<group>"; };
		392199A21F691FCB006C1344 /* UIView.swift */ = {isa = PBXFileReference; lastKnownFileType = sourcecode.swift; path = UIView.swift; sourceTree = "<group>"; };
		392199A41F691FD3006C1344 /* UIColor.swift */ = {isa = PBXFileReference; lastKnownFileType = sourcecode.swift; path = UIColor.swift; sourceTree = "<group>"; };
		392199A61F69202C006C1344 /* MovieListControllerTableDataSource.swift */ = {isa = PBXFileReference; lastKnownFileType = sourcecode.swift; path = MovieListControllerTableDataSource.swift; sourceTree = "<group>"; };
		392199A91F6920B8006C1344 /* MovieListControllerTableHeaderView.swift */ = {isa = PBXFileReference; lastKnownFileType = sourcecode.swift; path = MovieListControllerTableHeaderView.swift; sourceTree = "<group>"; };
		392199AB1F6921B4006C1344 /* MovieListControllerTableContainerCell.swift */ = {isa = PBXFileReference; lastKnownFileType = sourcecode.swift; path = MovieListControllerTableContainerCell.swift; sourceTree = "<group>"; };
		392199AD1F6923A9006C1344 /* MovieListControllerTableContainerCellCollectionDataSource.swift */ = {isa = PBXFileReference; lastKnownFileType = sourcecode.swift; path = MovieListControllerTableContainerCellCollectionDataSource.swift; sourceTree = "<group>"; };
		392199AF1F692416006C1344 /* MovieListControllerTableContainerCellCollectionMovieCell.swift */ = {isa = PBXFileReference; lastKnownFileType = sourcecode.swift; path = MovieListControllerTableContainerCellCollectionMovieCell.swift; sourceTree = "<group>"; };
		392199B21F693387006C1344 /* NetworkClient.swift */ = {isa = PBXFileReference; lastKnownFileType = sourcecode.swift; path = NetworkClient.swift; sourceTree = "<group>"; };
		39C926431F694C29008840B5 /* NewMoviesService.swift */ = {isa = PBXFileReference; lastKnownFileType = sourcecode.swift; path = NewMoviesService.swift; sourceTree = "<group>"; };
		39C926471F694D66008840B5 /* BasicNetworkService.swift */ = {isa = PBXFileReference; lastKnownFileType = sourcecode.swift; path = BasicNetworkService.swift; sourceTree = "<group>"; };
		39C9264A1F694DC0008840B5 /* Credentials.swift */ = {isa = PBXFileReference; lastKnownFileType = sourcecode.swift; path = Credentials.swift; sourceTree = "<group>"; };
		39C9264D1F69585E008840B5 /* Dynamic.swift */ = {isa = PBXFileReference; lastKnownFileType = sourcecode.swift; path = Dynamic.swift; sourceTree = "<group>"; };
		39C926501F6972F0008840B5 /* MovieListControllerTableContainerCellCollectionMovieCellViewModel.swift */ = {isa = PBXFileReference; lastKnownFileType = sourcecode.swift; path = MovieListControllerTableContainerCellCollectionMovieCellViewModel.swift; sourceTree = "<group>"; };
		39C926531F697A52008840B5 /* Movie.swift */ = {isa = PBXFileReference; lastKnownFileType = sourcecode.swift; path = Movie.swift; sourceTree = "<group>"; };
		39C926551F697AAC008840B5 /* BasicDiscoverMoviesService.swift */ = {isa = PBXFileReference; lastKnownFileType = sourcecode.swift; path = BasicDiscoverMoviesService.swift; sourceTree = "<group>"; };
		39C926571F6980EC008840B5 /* PopularMoviesService.swift */ = {isa = PBXFileReference; lastKnownFileType = sourcecode.swift; path = PopularMoviesService.swift; sourceTree = "<group>"; };
		39C926591F6981DF008840B5 /* HighestRatedMoviesService.swift */ = {isa = PBXFileReference; lastKnownFileType = sourcecode.swift; path = HighestRatedMoviesService.swift; sourceTree = "<group>"; };
		39E9ED711F69AAC500348014 /* Date.swift */ = {isa = PBXFileReference; lastKnownFileType = sourcecode.swift; path = Date.swift; sourceTree = "<group>"; };
/* End PBXFileReference section */

/* Begin PBXFrameworksBuildPhase section */
		392199751F691DFB006C1344 /* Frameworks */ = {
			isa = PBXFrameworksBuildPhase;
			buildActionMask = 2147483647;
			files = (
			);
			runOnlyForDeploymentPostprocessing = 0;
		};
		392199891F691DFB006C1344 /* Frameworks */ = {
			isa = PBXFrameworksBuildPhase;
			buildActionMask = 2147483647;
			files = (
			);
			runOnlyForDeploymentPostprocessing = 0;
		};
/* End PBXFrameworksBuildPhase section */

/* Begin PBXGroup section */
		3921996F1F691DFB006C1344 = {
			isa = PBXGroup;
			children = (
				3921997A1F691DFB006C1344 /* MoviesTest */,
				3921998F1F691DFB006C1344 /* MoviesTestTests */,
				392199791F691DFB006C1344 /* Products */,
			);
			sourceTree = "<group>";
		};
		392199791F691DFB006C1344 /* Products */ = {
			isa = PBXGroup;
			children = (
				392199781F691DFB006C1344 /* MoviesTest.app */,
				3921998C1F691DFB006C1344 /* MoviesTestTests.xctest */,
			);
			name = Products;
			sourceTree = "<group>";
		};
		3921997A1F691DFB006C1344 /* MoviesTest */ = {
			isa = PBXGroup;
			children = (
				39C926521F697A47008840B5 /* Models */,
				3921999D1F691F06006C1344 /* Controllers */,
				392199B11F693373006C1344 /* Network Services */,
				392199A11F691FBB006C1344 /* Extensions */,
				39C9264C1F695857008840B5 /* Utils */,
				3921997B1F691DFB006C1344 /* AppDelegate.swift */,
				392199821F691DFB006C1344 /* Assets.xcassets */,
				392199841F691DFB006C1344 /* LaunchScreen.storyboard */,
				392199871F691DFB006C1344 /* Info.plist */,
				3921999B1F691E6B006C1344 /* Navigator.swift */,
				39C9264A1F694DC0008840B5 /* Credentials.swift */,
			);
			path = MoviesTest;
			sourceTree = "<group>";
		};
		3921998F1F691DFB006C1344 /* MoviesTestTests */ = {
			isa = PBXGroup;
			children = (
				392199901F691DFB006C1344 /* MoviesTestTests.swift */,
				392199921F691DFB006C1344 /* Info.plist */,
			);
			path = MoviesTestTests;
			sourceTree = "<group>";
		};
		3921999D1F691F06006C1344 /* Controllers */ = {
			isa = PBXGroup;
			children = (
				3921999E1F691F0B006C1344 /* MovieListController */,
			);
			path = Controllers;
			sourceTree = "<group>";
		};
		3921999E1F691F0B006C1344 /* MovieListController */ = {
			isa = PBXGroup;
			children = (
				39C9264F1F6972E5008840B5 /* ViewModels */,
				392199A81F6920A6006C1344 /* Views */,
				3921999F1F691F21006C1344 /* MovieListController.swift */,
				392199A61F69202C006C1344 /* MovieListControllerTableDataSource.swift */,
			);
			path = MovieListController;
			sourceTree = "<group>";
		};
		392199A11F691FBB006C1344 /* Extensions */ = {
			isa = PBXGroup;
			children = (
				392199A21F691FCB006C1344 /* UIView.swift */,
				392199A41F691FD3006C1344 /* UIColor.swift */,
				39E9ED711F69AAC500348014 /* Date.swift */,
			);
			path = Extensions;
			sourceTree = "<group>";
		};
		392199A81F6920A6006C1344 /* Views */ = {
			isa = PBXGroup;
			children = (
				392199A91F6920B8006C1344 /* MovieListControllerTableHeaderView.swift */,
				392199AB1F6921B4006C1344 /* MovieListControllerTableContainerCell.swift */,
				392199AD1F6923A9006C1344 /* MovieListControllerTableContainerCellCollectionDataSource.swift */,
				392199AF1F692416006C1344 /* MovieListControllerTableContainerCellCollectionMovieCell.swift */,
			);
			path = Views;
			sourceTree = "<group>";
		};
		392199B11F693373006C1344 /* Network Services */ = {
			isa = PBXGroup;
			children = (
				392199B21F693387006C1344 /* NetworkClient.swift */,
				39C926571F6980EC008840B5 /* PopularMoviesService.swift */,
				39C926431F694C29008840B5 /* NewMoviesService.swift */,
				39C926471F694D66008840B5 /* BasicNetworkService.swift */,
				39C926551F697AAC008840B5 /* BasicDiscoverMoviesService.swift */,
				39C926591F6981DF008840B5 /* HighestRatedMoviesService.swift */,
			);
			path = "Network Services";
			sourceTree = "<group>";
		};
		39C9264C1F695857008840B5 /* Utils */ = {
			isa = PBXGroup;
			children = (
				39C9264D1F69585E008840B5 /* Dynamic.swift */,
			);
			path = Utils;
			sourceTree = "<group>";
		};
		39C9264F1F6972E5008840B5 /* ViewModels */ = {
			isa = PBXGroup;
			children = (
				39C926501F6972F0008840B5 /* MovieListControllerTableContainerCellCollectionMovieCellViewModel.swift */,
			);
			path = ViewModels;
			sourceTree = "<group>";
		};
		39C926521F697A47008840B5 /* Models */ = {
			isa = PBXGroup;
			children = (
				39C926531F697A52008840B5 /* Movie.swift */,
			);
			path = Models;
			sourceTree = "<group>";
		};
/* End PBXGroup section */

/* Begin PBXNativeTarget section */
		392199771F691DFB006C1344 /* MoviesTest */ = {
			isa = PBXNativeTarget;
			buildConfigurationList = 392199951F691DFB006C1344 /* Build configuration list for PBXNativeTarget "MoviesTest" */;
			buildPhases = (
				392199741F691DFB006C1344 /* Sources */,
				392199751F691DFB006C1344 /* Frameworks */,
				392199761F691DFB006C1344 /* Resources */,
			);
			buildRules = (
			);
			dependencies = (
			);
			name = MoviesTest;
			productName = MoviesTest;
			productReference = 392199781F691DFB006C1344 /* MoviesTest.app */;
			productType = "com.apple.product-type.application";
		};
		3921998B1F691DFB006C1344 /* MoviesTestTests */ = {
			isa = PBXNativeTarget;
			buildConfigurationList = 392199981F691DFB006C1344 /* Build configuration list for PBXNativeTarget "MoviesTestTests" */;
			buildPhases = (
				392199881F691DFB006C1344 /* Sources */,
				392199891F691DFB006C1344 /* Frameworks */,
				3921998A1F691DFB006C1344 /* Resources */,
			);
			buildRules = (
			);
			dependencies = (
				3921998E1F691DFB006C1344 /* PBXTargetDependency */,
			);
			name = MoviesTestTests;
			productName = MoviesTestTests;
			productReference = 3921998C1F691DFB006C1344 /* MoviesTestTests.xctest */;
			productType = "com.apple.product-type.bundle.unit-test";
		};
/* End PBXNativeTarget section */

/* Begin PBXProject section */
		392199701F691DFB006C1344 /* Project object */ = {
			isa = PBXProject;
			attributes = {
				LastSwiftUpdateCheck = 0900;
				LastUpgradeCheck = 0900;
				ORGANIZATIONNAME = frolapps;
				TargetAttributes = {
					392199771F691DFB006C1344 = {
						CreatedOnToolsVersion = 9.0;
						ProvisioningStyle = Automatic;
					};
					3921998B1F691DFB006C1344 = {
						CreatedOnToolsVersion = 9.0;
						ProvisioningStyle = Automatic;
						TestTargetID = 392199771F691DFB006C1344;
					};
				};
			};
			buildConfigurationList = 392199731F691DFB006C1344 /* Build configuration list for PBXProject "MoviesTest" */;
			compatibilityVersion = "Xcode 8.0";
			developmentRegion = en;
			hasScannedForEncodings = 0;
			knownRegions = (
				en,
				Base,
			);
			mainGroup = 3921996F1F691DFB006C1344;
			productRefGroup = 392199791F691DFB006C1344 /* Products */;
			projectDirPath = "";
			projectRoot = "";
			targets = (
				392199771F691DFB006C1344 /* MoviesTest */,
				3921998B1F691DFB006C1344 /* MoviesTestTests */,
			);
		};
/* End PBXProject section */

/* Begin PBXResourcesBuildPhase section */
		392199761F691DFB006C1344 /* Resources */ = {
			isa = PBXResourcesBuildPhase;
			buildActionMask = 2147483647;
			files = (
				392199861F691DFB006C1344 /* LaunchScreen.storyboard in Resources */,
				392199831F691DFB006C1344 /* Assets.xcassets in Resources */,
			);
			runOnlyForDeploymentPostprocessing = 0;
		};
		3921998A1F691DFB006C1344 /* Resources */ = {
			isa = PBXResourcesBuildPhase;
			buildActionMask = 2147483647;
			files = (
			);
			runOnlyForDeploymentPostprocessing = 0;
		};
/* End PBXResourcesBuildPhase section */

/* Begin PBXSourcesBuildPhase section */
		392199741F691DFB006C1344 /* Sources */ = {
			isa = PBXSourcesBuildPhase;
			buildActionMask = 2147483647;
			files = (
				392199A31F691FCB006C1344 /* UIView.swift in Sources */,
				392199AC1F6921B4006C1344 /* MovieListControllerTableContainerCell.swift in Sources */,
				3921997C1F691DFB006C1344 /* AppDelegate.swift in Sources */,
				392199B31F693388006C1344 /* NetworkClient.swift in Sources */,
				392199AA1F6920B8006C1344 /* MovieListControllerTableHeaderView.swift in Sources */,
				39C926511F6972F0008840B5 /* MovieListControllerTableContainerCellCollectionMovieCellViewModel.swift in Sources */,
				392199A71F69202C006C1344 /* MovieListControllerTableDataSource.swift in Sources */,
				39C926561F697AAC008840B5 /* BasicDiscoverMoviesService.swift in Sources */,
				39C9264E1F69585E008840B5 /* Dynamic.swift in Sources */,
				39C926441F694C29008840B5 /* NewMoviesService.swift in Sources */,
				39C9265A1F6981DF008840B5 /* HighestRatedMoviesService.swift in Sources */,
				392199A01F691F21006C1344 /* MovieListController.swift in Sources */,
				392199AE1F6923A9006C1344 /* MovieListControllerTableContainerCellCollectionDataSource.swift in Sources */,
				3921999C1F691E6B006C1344 /* Navigator.swift in Sources */,
				39C9264B1F694DC0008840B5 /* Credentials.swift in Sources */,
				392199B01F692416006C1344 /* MovieListControllerTableContainerCellCollectionMovieCell.swift in Sources */,
				39E9ED721F69AAC500348014 /* Date.swift in Sources */,
				392199A51F691FD3006C1344 /* UIColor.swift in Sources */,
				39C926581F6980EC008840B5 /* PopularMoviesService.swift in Sources */,
				39C926481F694D66008840B5 /* BasicNetworkService.swift in Sources */,
				39C926541F697A52008840B5 /* Movie.swift in Sources */,
			);
			runOnlyForDeploymentPostprocessing = 0;
		};
		392199881F691DFB006C1344 /* Sources */ = {
			isa = PBXSourcesBuildPhase;
			buildActionMask = 2147483647;
			files = (
				392199911F691DFB006C1344 /* MoviesTestTests.swift in Sources */,
			);
			runOnlyForDeploymentPostprocessing = 0;
		};
/* End PBXSourcesBuildPhase section */

/* Begin PBXTargetDependency section */
		3921998E1F691DFB006C1344 /* PBXTargetDependency */ = {
			isa = PBXTargetDependency;
			target = 392199771F691DFB006C1344 /* MoviesTest */;
			targetProxy = 3921998D1F691DFB006C1344 /* PBXContainerItemProxy */;
		};
/* End PBXTargetDependency section */

/* Begin PBXVariantGroup section */
		392199841F691DFB006C1344 /* LaunchScreen.storyboard */ = {
			isa = PBXVariantGroup;
			children = (
				392199851F691DFB006C1344 /* Base */,
			);
			name = LaunchScreen.storyboard;
			sourceTree = "<group>";
		};
/* End PBXVariantGroup section */

/* Begin XCBuildConfiguration section */
		392199931F691DFB006C1344 /* Debug */ = {
			isa = XCBuildConfiguration;
			buildSettings = {
				ALWAYS_SEARCH_USER_PATHS = NO;
				CLANG_ANALYZER_NONNULL = YES;
				CLANG_ANALYZER_NUMBER_OBJECT_CONVERSION = YES_AGGRESSIVE;
				CLANG_CXX_LANGUAGE_STANDARD = "gnu++14";
				CLANG_CXX_LIBRARY = "libc++";
				CLANG_ENABLE_MODULES = YES;
				CLANG_ENABLE_OBJC_ARC = YES;
				CLANG_WARN_BLOCK_CAPTURE_AUTORELEASING = YES;
				CLANG_WARN_BOOL_CONVERSION = YES;
				CLANG_WARN_COMMA = YES;
				CLANG_WARN_CONSTANT_CONVERSION = YES;
				CLANG_WARN_DIRECT_OBJC_ISA_USAGE = YES_ERROR;
				CLANG_WARN_DOCUMENTATION_COMMENTS = YES;
				CLANG_WARN_EMPTY_BODY = YES;
				CLANG_WARN_ENUM_CONVERSION = YES;
				CLANG_WARN_INFINITE_RECURSION = YES;
				CLANG_WARN_INT_CONVERSION = YES;
				CLANG_WARN_NON_LITERAL_NULL_CONVERSION = YES;
				CLANG_WARN_OBJC_LITERAL_CONVERSION = YES;
				CLANG_WARN_OBJC_ROOT_CLASS = YES_ERROR;
				CLANG_WARN_RANGE_LOOP_ANALYSIS = YES;
				CLANG_WARN_STRICT_PROTOTYPES = YES;
				CLANG_WARN_SUSPICIOUS_MOVE = YES;
				CLANG_WARN_UNGUARDED_AVAILABILITY = YES_AGGRESSIVE;
				CLANG_WARN_UNREACHABLE_CODE = YES;
				CLANG_WARN__DUPLICATE_METHOD_MATCH = YES;
				CODE_SIGN_IDENTITY = "iPhone Developer";
				COPY_PHASE_STRIP = NO;
				DEBUG_INFORMATION_FORMAT = dwarf;
				ENABLE_STRICT_OBJC_MSGSEND = YES;
				ENABLE_TESTABILITY = YES;
				GCC_C_LANGUAGE_STANDARD = gnu11;
				GCC_DYNAMIC_NO_PIC = NO;
				GCC_NO_COMMON_BLOCKS = YES;
				GCC_OPTIMIZATION_LEVEL = 0;
				GCC_PREPROCESSOR_DEFINITIONS = (
					"DEBUG=1",
					"$(inherited)",
				);
				GCC_WARN_64_TO_32_BIT_CONVERSION = YES;
				GCC_WARN_ABOUT_RETURN_TYPE = YES_ERROR;
				GCC_WARN_UNDECLARED_SELECTOR = YES;
				GCC_WARN_UNINITIALIZED_AUTOS = YES_AGGRESSIVE;
				GCC_WARN_UNUSED_FUNCTION = YES;
				GCC_WARN_UNUSED_VARIABLE = YES;
				IPHONEOS_DEPLOYMENT_TARGET = 11.0;
				MTL_ENABLE_DEBUG_INFO = YES;
				ONLY_ACTIVE_ARCH = YES;
				SDKROOT = iphoneos;
				SWIFT_ACTIVE_COMPILATION_CONDITIONS = DEBUG;
				SWIFT_OPTIMIZATION_LEVEL = "-Onone";
			};
			name = Debug;
		};
		392199941F691DFB006C1344 /* Release */ = {
			isa = XCBuildConfiguration;
			buildSettings = {
				ALWAYS_SEARCH_USER_PATHS = NO;
				CLANG_ANALYZER_NONNULL = YES;
				CLANG_ANALYZER_NUMBER_OBJECT_CONVERSION = YES_AGGRESSIVE;
				CLANG_CXX_LANGUAGE_STANDARD = "gnu++14";
				CLANG_CXX_LIBRARY = "libc++";
				CLANG_ENABLE_MODULES = YES;
				CLANG_ENABLE_OBJC_ARC = YES;
				CLANG_WARN_BLOCK_CAPTURE_AUTORELEASING = YES;
				CLANG_WARN_BOOL_CONVERSION = YES;
				CLANG_WARN_COMMA = YES;
				CLANG_WARN_CONSTANT_CONVERSION = YES;
				CLANG_WARN_DIRECT_OBJC_ISA_USAGE = YES_ERROR;
				CLANG_WARN_DOCUMENTATION_COMMENTS = YES;
				CLANG_WARN_EMPTY_BODY = YES;
				CLANG_WARN_ENUM_CONVERSION = YES;
				CLANG_WARN_INFINITE_RECURSION = YES;
				CLANG_WARN_INT_CONVERSION = YES;
				CLANG_WARN_NON_LITERAL_NULL_CONVERSION = YES;
				CLANG_WARN_OBJC_LITERAL_CONVERSION = YES;
				CLANG_WARN_OBJC_ROOT_CLASS = YES_ERROR;
				CLANG_WARN_RANGE_LOOP_ANALYSIS = YES;
				CLANG_WARN_STRICT_PROTOTYPES = YES;
				CLANG_WARN_SUSPICIOUS_MOVE = YES;
				CLANG_WARN_UNGUARDED_AVAILABILITY = YES_AGGRESSIVE;
				CLANG_WARN_UNREACHABLE_CODE = YES;
				CLANG_WARN__DUPLICATE_METHOD_MATCH = YES;
				CODE_SIGN_IDENTITY = "iPhone Developer";
				COPY_PHASE_STRIP = NO;
				DEBUG_INFORMATION_FORMAT = "dwarf-with-dsym";
				ENABLE_NS_ASSERTIONS = NO;
				ENABLE_STRICT_OBJC_MSGSEND = YES;
				GCC_C_LANGUAGE_STANDARD = gnu11;
				GCC_NO_COMMON_BLOCKS = YES;
				GCC_WARN_64_TO_32_BIT_CONVERSION = YES;
				GCC_WARN_ABOUT_RETURN_TYPE = YES_ERROR;
				GCC_WARN_UNDECLARED_SELECTOR = YES;
				GCC_WARN_UNINITIALIZED_AUTOS = YES_AGGRESSIVE;
				GCC_WARN_UNUSED_FUNCTION = YES;
				GCC_WARN_UNUSED_VARIABLE = YES;
				IPHONEOS_DEPLOYMENT_TARGET = 11.0;
				MTL_ENABLE_DEBUG_INFO = NO;
				SDKROOT = iphoneos;
				SWIFT_OPTIMIZATION_LEVEL = "-Owholemodule";
				VALIDATE_PRODUCT = YES;
			};
			name = Release;
		};
		392199961F691DFB006C1344 /* Debug */ = {
			isa = XCBuildConfiguration;
			buildSettings = {
				ASSETCATALOG_COMPILER_APPICON_NAME = AppIcon;
				CODE_SIGN_STYLE = Automatic;
				DEVELOPMENT_TEAM = LW8Q7B9V3V;
				INFOPLIST_FILE = MoviesTest/Info.plist;
				LD_RUNPATH_SEARCH_PATHS = "$(inherited) @executable_path/Frameworks";
				PRODUCT_BUNDLE_IDENTIFIER = frolapps.MoviesTest;
				PRODUCT_NAME = "$(TARGET_NAME)";
				SWIFT_VERSION = 4.0;
				TARGETED_DEVICE_FAMILY = 1;
			};
			name = Debug;
		};
		392199971F691DFB006C1344 /* Release */ = {
			isa = XCBuildConfiguration;
			buildSettings = {
				ASSETCATALOG_COMPILER_APPICON_NAME = AppIcon;
				CODE_SIGN_STYLE = Automatic;
				DEVELOPMENT_TEAM = LW8Q7B9V3V;
				INFOPLIST_FILE = MoviesTest/Info.plist;
				LD_RUNPATH_SEARCH_PATHS = "$(inherited) @executable_path/Frameworks";
				PRODUCT_BUNDLE_IDENTIFIER = frolapps.MoviesTest;
				PRODUCT_NAME = "$(TARGET_NAME)";
				SWIFT_VERSION = 4.0;
				TARGETED_DEVICE_FAMILY = 1;
			};
			name = Release;
		};
		392199991F691DFB006C1344 /* Debug */ = {
			isa = XCBuildConfiguration;
			buildSettings = {
				ALWAYS_EMBED_SWIFT_STANDARD_LIBRARIES = YES;
				BUNDLE_LOADER = "$(TEST_HOST)";
				CODE_SIGN_STYLE = Automatic;
				DEVELOPMENT_TEAM = LW8Q7B9V3V;
				INFOPLIST_FILE = MoviesTestTests/Info.plist;
				LD_RUNPATH_SEARCH_PATHS = "$(inherited) @executable_path/Frameworks @loader_path/Frameworks";
				PRODUCT_BUNDLE_IDENTIFIER = frolapps.MoviesTestTests;
				PRODUCT_NAME = "$(TARGET_NAME)";
				SWIFT_VERSION = 4.0;
				TARGETED_DEVICE_FAMILY = "1,2";
				TEST_HOST = "$(BUILT_PRODUCTS_DIR)/MoviesTest.app/MoviesTest";
			};
			name = Debug;
		};
		3921999A1F691DFB006C1344 /* Release */ = {
			isa = XCBuildConfiguration;
			buildSettings = {
				ALWAYS_EMBED_SWIFT_STANDARD_LIBRARIES = YES;
				BUNDLE_LOADER = "$(TEST_HOST)";
				CODE_SIGN_STYLE = Automatic;
				DEVELOPMENT_TEAM = LW8Q7B9V3V;
				INFOPLIST_FILE = MoviesTestTests/Info.plist;
				LD_RUNPATH_SEARCH_PATHS = "$(inherited) @executable_path/Frameworks @loader_path/Frameworks";
				PRODUCT_BUNDLE_IDENTIFIER = frolapps.MoviesTestTests;
				PRODUCT_NAME = "$(TARGET_NAME)";
				SWIFT_VERSION = 4.0;
				TARGETED_DEVICE_FAMILY = "1,2";
				TEST_HOST = "$(BUILT_PRODUCTS_DIR)/MoviesTest.app/MoviesTest";
			};
			name = Release;
		};
/* End XCBuildConfiguration section */

/* Begin XCConfigurationList section */
		392199731F691DFB006C1344 /* Build configuration list for PBXProject "MoviesTest" */ = {
			isa = XCConfigurationList;
			buildConfigurations = (
				392199931F691DFB006C1344 /* Debug */,
				392199941F691DFB006C1344 /* Release */,
			);
			defaultConfigurationIsVisible = 0;
			defaultConfigurationName = Release;
		};
		392199951F691DFB006C1344 /* Build configuration list for PBXNativeTarget "MoviesTest" */ = {
			isa = XCConfigurationList;
			buildConfigurations = (
				392199961F691DFB006C1344 /* Debug */,
				392199971F691DFB006C1344 /* Release */,
			);
			defaultConfigurationIsVisible = 0;
			defaultConfigurationName = Release;
		};
		392199981F691DFB006C1344 /* Build configuration list for PBXNativeTarget "MoviesTestTests" */ = {
			isa = XCConfigurationList;
			buildConfigurations = (
				392199991F691DFB006C1344 /* Debug */,
				3921999A1F691DFB006C1344 /* Release */,
			);
			defaultConfigurationIsVisible = 0;
			defaultConfigurationName = Release;
		};
/* End XCConfigurationList section */
	};
	rootObject = 392199701F691DFB006C1344 /* Project object */;
}
